github.com/davecgh/go-spew v1.1.1 h1:vj9j/u1bqnvCEfJOwUhtlOARqs3+rkHYY13jYWTU97c=
github.com/davecgh/go-spew v1.1.1/go.mod h1:J7Y8YcW2NihsgmVo/mv3lAwl/skON4iLHjSsI+c5H38=
github.com/docopt/docopt-go v0.0.0-20180111231733-ee0de3bc6815 h1:bWDMxwH3px2JBh6AyO7hdCn/PkvCZXii8TGj7sbtEbQ=
github.com/docopt/docopt-go v0.0.0-20180111231733-ee0de3bc6815/go.mod h1:WwZ+bS3ebgob9U8Nd0kOddGdZWjyMGR8Wziv+TBNwSE=
github.com/nyarly/inlinefiles v0.0.0-20170502001042-81fbfab1b9d5 h1:kWJ5v5L64oy/D9gadXKr25J8UnEvX3HZmZ/hR0KnMlY=
github.com/nyarly/inlinefiles v0.0.0-20170502001042-81fbfab1b9d5/go.mod h1:T4AtcpcdPyirk1iLM2vyibeF9bc8RqhIdEX4HQloP2Y=
github.com/pmezard/go-difflib v1.0.0 h1:4DBwDE0NGyQoBHbLQYPwSUPoCMWR5BEzIk/f1lZbAQM=
github.com/pmezard/go-difflib v1.0.0/go.mod h1:iKH77koFhYxTK1pcRnkKkqfTogsbg7gZNVY4sRDYZ/4=
github.com/stretchr/testify v0.0.0-20180319223459-c679ae2cc0cb h1:Idl4I/YpJ3WG7+/dNrHOGfnClSTk6iesxWxAjzvemdg=
github.com/stretchr/testify v0.0.0-20180319223459-c679ae2cc0cb/go.mod h1:a8OnRcib4nhh0OaRAV+Yts87kKdq0PP7pXfy6kDkUVs=
golang.org/x/tools v0.0.0-20170623122659-e6cb469339ae h1:9tNzccXNA3MSUqHGcpcq/3EpUo0ALf2WCbS7zpxKKf4=
golang.org/x/tools v0.0.0-20170623122659-e6cb469339ae/go.mod h1:n7NCudcB/nEzxVGmLbDWY5pfWTLqBcC2KZ6jyYvM4mQ=
